
Microsoft Visual Studio Solution File, Format Version 12.00
# Visual Studio Version 16
VisualStudioVersion = 16.0.29326.143
MinimumVisualStudioVersion = 10.0.40219.1
Project("{FAE04EC0-301F-11D3-BF4B-00C04F79EFBC}") = "Open-Lab-02.06", "Open-Lab-02.06.csproj", "{C12888AE-200D-4743-9D95-039911AD2EB8}"
EndProject
Global
	GlobalSection(SolutionConfigurationPlatforms) = preSolution
		Debug|Any CPU = Debug|Any CPU
		Release|Any CPU = Release|Any CPU
	EndGlobalSection
	GlobalSection(ProjectConfigurationPlatforms) = postSolution
		{C12888AE-200D-4743-9D95-039911AD2EB8}.Debug|Any CPU.ActiveCfg = Debug|Any CPU
		{C12888AE-200D-4743-9D95-039911AD2EB8}.Debug|Any CPU.Build.0 = Debug|Any CPU
		{C12888AE-200D-4743-9D95-039911AD2EB8}.Release|Any CPU.ActiveCfg = Release|Any CPU
		{C12888AE-200D-4743-9D95-039911AD2EB8}.Release|Any CPU.Build.0 = Release|Any CPU
	EndGlobalSection
	GlobalSection(SolutionProperties) = preSolution
		HideSolutionNode = FALSE
	EndGlobalSection
	GlobalSection(ExtensibilityGlobals) = postSolution
		SolutionGuid = {520D5875-A0B1-4F68-B47E-5CDF1985DE3F}
	EndGlobalSection
EndGlobal
